
Microsoft Visual Studio Solution File, Format Version 12.00
# Visual Studio 2013
VisualStudioVersion = 12.0.30501.0
MinimumVisualStudioVersion = 10.0.40219.1
Project("{FAE04EC0-301F-11D3-BF4B-00C04F79EFBC}") = "FP.SqlAst", "FP.SqlAst\FP.SqlAst.csproj", "{E7F0E639-67E9-4B28-9E70-640E68B71D75}"
EndProject
Project("{FAE04EC0-301F-11D3-BF4B-00C04F79EFBC}") = "Tests", "Tests\Tests.csproj", "{F21BE186-5346-4C2A-868D-3D9975FC019C}"
EndProject
Project("{2150E333-8FDC-42A3-9474-1A3956D46DE8}") = ".nuget", ".nuget", "{1392D30D-0B69-4C95-8D1A-D4F5B232751E}"
	ProjectSection(SolutionItems) = preProject
		.nuget\packages.config = .nuget\packages.config
	EndProjectSection
EndProject
Global
	GlobalSection(SolutionConfigurationPlatforms) = preSolution
		Debug|Any CPU = Debug|Any CPU
		Release|Any CPU = Release|Any CPU
	EndGlobalSection
	GlobalSection(ProjectConfigurationPlatforms) = postSolution
		{E7F0E639-67E9-4B28-9E70-640E68B71D75}.Debug|Any CPU.ActiveCfg = Debug|Any CPU
		{E7F0E639-67E9-4B28-9E70-640E68B71D75}.Debug|Any CPU.Build.0 = Debug|Any CPU
		{E7F0E639-67E9-4B28-9E70-640E68B71D75}.Release|Any CPU.ActiveCfg = Release|Any CPU
		{E7F0E639-67E9-4B28-9E70-640E68B71D75}.Release|Any CPU.Build.0 = Release|Any CPU
		{F21BE186-5346-4C2A-868D-3D9975FC019C}.Debug|Any CPU.ActiveCfg = Debug|Any CPU
		{F21BE186-5346-4C2A-868D-3D9975FC019C}.Debug|Any CPU.Build.0 = Debug|Any CPU
		{F21BE186-5346-4C2A-868D-3D9975FC019C}.Release|Any CPU.ActiveCfg = Release|Any CPU
		{F21BE186-5346-4C2A-868D-3D9975FC019C}.Release|Any CPU.Build.0 = Release|Any CPU
	EndGlobalSection
	GlobalSection(SolutionProperties) = preSolution
		HideSolutionNode = FALSE
	EndGlobalSection
EndGlobal
